
Microsoft Visual Studio Solution File, Format Version 12.00
# Visual Studio 15
VisualStudioVersion = 15.0.26730.16
MinimumVisualStudioVersion = 10.0.40219.1
Project("{FAE04EC0-301F-11D3-BF4B-00C04F79EFBC}") = "MineManager", "MineManager\MineManager.csproj", "{475DF208-1E32-4B43-AF92-EBD5683F89E5}"
EndProject
Global
	GlobalSection(SolutionConfigurationPlatforms) = preSolution
		Debug|Any CPU = Debug|Any CPU
		Release|Any CPU = Release|Any CPU
	EndGlobalSection
	GlobalSection(ProjectConfigurationPlatforms) = postSolution
		{475DF208-1E32-4B43-AF92-EBD5683F89E5}.Debug|Any CPU.ActiveCfg = Debug|Any CPU
		{475DF208-1E32-4B43-AF92-EBD5683F89E5}.Debug|Any CPU.Build.0 = Debug|Any CPU
		{475DF208-1E32-4B43-AF92-EBD5683F89E5}.Release|Any CPU.ActiveCfg = Release|Any CPU
		{475DF208-1E32-4B43-AF92-EBD5683F89E5}.Release|Any CPU.Build.0 = Release|Any CPU
	EndGlobalSection
	GlobalSection(SolutionProperties) = preSolution
		HideSolutionNode = FALSE
	EndGlobalSection
	GlobalSection(ExtensibilityGlobals) = postSolution
		SolutionGuid = {D6F103A6-FA00-4805-8522-66F7C38E27F6}
	EndGlobalSection
EndGlobal
